// !$*UTF8*$!
{
	archiveVersion = 1;
	classes = {
	};
	objectVersion = 46;
	objects = {

/* Begin PBXBuildFile section */
		8B1330091DD96643007127EE /* stockData.swift in Sources */ = {isa = PBXBuildFile; fileRef = 8B1330081DD96643007127EE /* stockData.swift */; };
		8B629B8C1DD7F61A00681100 /* AppDelegate.swift in Sources */ = {isa = PBXBuildFile; fileRef = 8B629B8B1DD7F61A00681100 /* AppDelegate.swift */; };
		8B629B8E1DD7F61A00681100 /* StocksViewController.swift in Sources */ = {isa = PBXBuildFile; fileRef = 8B629B8D1DD7F61A00681100 /* StocksViewController.swift */; };
		8B629B911DD7F61A00681100 /* Main.storyboard in Resources */ = {isa = PBXBuildFile; fileRef = 8B629B8F1DD7F61A00681100 /* Main.storyboard */; };
		8B629B931DD7F61B00681100 /* Assets.xcassets in Resources */ = {isa = PBXBuildFile; fileRef = 8B629B921DD7F61B00681100 /* Assets.xcassets */; };
		8B629B961DD7F61B00681100 /* LaunchScreen.storyboard in Resources */ = {isa = PBXBuildFile; fileRef = 8B629B941DD7F61B00681100 /* LaunchScreen.storyboard */; };
		8B629BA01DD9229F00681100 /* StockManager.swift in Sources */ = {isa = PBXBuildFile; fileRef = 8B629B9F1DD9229F00681100 /* StockManager.swift */; };
		8B629BA21DD95FDE00681100 /* splash_image.png in Resources */ = {isa = PBXBuildFile; fileRef = 8B629BA11DD95FDE00681100 /* splash_image.png */; };
/* End PBXBuildFile section */

/* Begin PBXFileReference section */
		8B1330081DD96643007127EE /* stockData.swift */ = {isa = PBXFileReference; fileEncoding = 4; lastKnownFileType = sourcecode.swift; path = stockData.swift; sourceTree = "<group>"; };
		8B629B881DD7F61800681100 /* StockAPI.app */ = {isa = PBXFileReference; explicitFileType = wrapper.application; includeInIndex = 0; path = StockAPI.app; sourceTree = BUILT_PRODUCTS_DIR; };
		8B629B8B1DD7F61A00681100 /* AppDelegate.swift */ = {isa = PBXFileReference; lastKnownFileType = sourcecode.swift; path = AppDelegate.swift; sourceTree = "<group>"; };
		8B629B8D1DD7F61A00681100 /* StocksViewController.swift */ = {isa = PBXFileReference; lastKnownFileType = sourcecode.swift; path = StocksViewController.swift; sourceTree = "<group>"; };
		8B629B901DD7F61A00681100 /* Base */ = {isa = PBXFileReference; lastKnownFileType = file.storyboard; name = Base; path = Base.lproj/Main.storyboard; sourceTree = "<group>"; };
		8B629B921DD7F61B00681100 /* Assets.xcassets */ = {isa = PBXFileReference; lastKnownFileType = folder.assetcatalog; path = Assets.xcassets; sourceTree = "<group>"; };
		8B629B951DD7F61B00681100 /* Base */ = {isa = PBXFileReference; lastKnownFileType = file.storyboard; name = Base; path = Base.lproj/LaunchScreen.storyboard; sourceTree = "<group>"; };
		8B629B971DD7F61B00681100 /* Info.plist */ = {isa = PBXFileReference; lastKnownFileType = text.plist.xml; path = Info.plist; sourceTree = "<group>"; };
		8B629B9F1DD9229F00681100 /* StockManager.swift */ = {isa = PBXFileReference; fileEncoding = 4; lastKnownFileType = sourcecode.swift; path = StockManager.swift; sourceTree = "<group>"; };
		8B629BA11DD95FDE00681100 /* splash_image.png */ = {isa = PBXFileReference; lastKnownFileType = image.png; path = splash_image.png; sourceTree = "<group>"; };
/* End PBXFileReference section */

/* Begin PBXFrameworksBuildPhase section */
		8B629B851DD7F61700681100 /* Frameworks */ = {
			isa = PBXFrameworksBuildPhase;
			buildActionMask = 2147483647;
			files = (
			);
			runOnlyForDeploymentPostprocessing = 0;
		};
/* End PBXFrameworksBuildPhase section */

/* Begin PBXGroup section */
		8B629B7F1DD7F61700681100 = {
			isa = PBXGroup;
			children = (
				8B629B8A1DD7F61900681100 /* StockAPI */,
				8B629B891DD7F61800681100 /* Products */,
			);
			sourceTree = "<group>";
		};
		8B629B891DD7F61800681100 /* Products */ = {
			isa = PBXGroup;
			children = (
				8B629B881DD7F61800681100 /* StockAPI.app */,
			);
			name = Products;
			sourceTree = "<group>";
		};
		8B629B8A1DD7F61900681100 /* StockAPI */ = {
			isa = PBXGroup;
			children = (
				8B629B8B1DD7F61A00681100 /* AppDelegate.swift */,
				8B629B8D1DD7F61A00681100 /* StocksViewController.swift */,
				8B1330081DD96643007127EE /* stockData.swift */,
				8B629B9F1DD9229F00681100 /* StockManager.swift */,
				8B629B8F1DD7F61A00681100 /* Main.storyboard */,
				8B629B921DD7F61B00681100 /* Assets.xcassets */,
				8B629B941DD7F61B00681100 /* LaunchScreen.storyboard */,
				8B629BA11DD95FDE00681100 /* splash_image.png */,
				8B629B971DD7F61B00681100 /* Info.plist */,
			);
			path = StockAPI;
			sourceTree = "<group>";
		};
/* End PBXGroup section */

/* Begin PBXNativeTarget section */
		8B629B871DD7F61700681100 /* StockAPI */ = {
			isa = PBXNativeTarget;
			buildConfigurationList = 8B629B9A1DD7F61B00681100 /* Build configuration list for PBXNativeTarget "StockAPI" */;
			buildPhases = (
				8B629B841DD7F61700681100 /* Sources */,
				8B629B851DD7F61700681100 /* Frameworks */,
				8B629B861DD7F61700681100 /* Resources */,
			);
			buildRules = (
			);
			dependencies = (
			);
			name = StockAPI;
			productName = StockAPI;
			productReference = 8B629B881DD7F61800681100 /* StockAPI.app */;
			productType = "com.apple.product-type.application";
		};
/* End PBXNativeTarget section */

/* Begin PBXProject section */
		8B629B801DD7F61700681100 /* Project object */ = {
			isa = PBXProject;
			attributes = {
				LastSwiftUpdateCheck = 0730;
				LastUpgradeCheck = 0810;
				ORGANIZATIONNAME = Developer;
				TargetAttributes = {
					8B629B871DD7F61700681100 = {
						CreatedOnToolsVersion = 7.3.1;
						DevelopmentTeam = ALHBNYE6H5;
						LastSwiftMigration = 0810;
					};
				};
			};
			buildConfigurationList = 8B629B831DD7F61700681100 /* Build configuration list for PBXProject "StockAPI" */;
			compatibilityVersion = "Xcode 3.2";
			developmentRegion = English;
			hasScannedForEncodings = 0;
			knownRegions = (
				en,
				Base,
			);
			mainGroup = 8B629B7F1DD7F61700681100;
			productRefGroup = 8B629B891DD7F61800681100 /* Products */;
			projectDirPath = "";
			projectRoot = "";
			targets = (
				8B629B871DD7F61700681100 /* StockAPI */,
			);
		};
/* End PBXProject section */

/* Begin PBXResourcesBuildPhase section */
		8B629B861DD7F61700681100 /* Resources */ = {
			isa = PBXResourcesBuildPhase;
			buildActionMask = 2147483647;
			files = (
				8B629BA21DD95FDE00681100 /* splash_image.png in Resources */,
				8B629B961DD7F61B00681100 /* LaunchScreen.storyboard in Resources */,
				8B629B931DD7F61B00681100 /* Assets.xcassets in Resources */,
				8B629B911DD7F61A00681100 /* Main.storyboard in Resources */,
			);
			runOnlyForDeploymentPostprocessing = 0;
		};
/* End PBXResourcesBuildPhase section */

/* Begin PBXSourcesBuildPhase section */
		8B629B841DD7F61700681100 /* Sources */ = {
			isa = PBXSourcesBuildPhase;
			buildActionMask = 2147483647;
			files = (
				8B1330091DD96643007127EE /* stockData.swift in Sources */,
				8B629B8E1DD7F61A00681100 /* StocksViewController.swift in Sources */,
				8B629B8C1DD7F61A00681100 /* AppDelegate.swift in Sources */,
				8B629BA01DD9229F00681100 /* StockManager.swift in Sources */,
			);
			runOnlyForDeploymentPostprocessing = 0;
		};
/* End PBXSourcesBuildPhase section */

/* Begin PBXVariantGroup section */
		8B629B8F1DD7F61A00681100 /* Main.storyboard */ = {
			isa = PBXVariantGroup;
			children = (
				8B629B901DD7F61A00681100 /* Base */,
			);
			name = Main.storyboard;
			sourceTree = "<group>";
		};
		8B629B941DD7F61B00681100 /* LaunchScreen.storyboard */ = {
			isa = PBXVariantGroup;
			children = (
				8B629B951DD7F61B00681100 /* Base */,
			);
			name = LaunchScreen.storyboard;
			sourceTree = "<group>";
		};
/* End PBXVariantGroup section */

/* Begin XCBuildConfiguration section */
		8B629B981DD7F61B00681100 /* Debug */ = {
			isa = XCBuildConfiguration;
			buildSettings = {
				ALWAYS_SEARCH_USER_PATHS = NO;
				CLANG_ANALYZER_NONNULL = YES;
				CLANG_CXX_LANGUAGE_STANDARD = "gnu++0x";
				CLANG_CXX_LIBRARY = "libc++";
				CLANG_ENABLE_MODULES = YES;
				CLANG_ENABLE_OBJC_ARC = YES;
				CLANG_WARN_BOOL_CONVERSION = YES;
				CLANG_WARN_CONSTANT_CONVERSION = YES;
				CLANG_WARN_DIRECT_OBJC_ISA_USAGE = YES_ERROR;
				CLANG_WARN_EMPTY_BODY = YES;
				CLANG_WARN_ENUM_CONVERSION = YES;
				CLANG_WARN_INFINITE_RECURSION = YES;
				CLANG_WARN_INT_CONVERSION = YES;
				CLANG_WARN_OBJC_ROOT_CLASS = YES_ERROR;
				CLANG_WARN_SUSPICIOUS_MOVE = YES;
				CLANG_WARN_UNREACHABLE_CODE = YES;
				CLANG_WARN__DUPLICATE_METHOD_MATCH = YES;
				"CODE_SIGN_IDENTITY[sdk=iphoneos*]" = "iPhone Developer";
				COPY_PHASE_STRIP = NO;
				DEBUG_INFORMATION_FORMAT = dwarf;
				ENABLE_STRICT_OBJC_MSGSEND = YES;
				ENABLE_TESTABILITY = YES;
				GCC_C_LANGUAGE_STANDARD = gnu99;
				GCC_DYNAMIC_NO_PIC = NO;
				GCC_NO_COMMON_BLOCKS = YES;
				GCC_OPTIMIZATION_LEVEL = 0;
				GCC_PREPROCESSOR_DEFINITIONS = (
					"DEBUG=1",
					"$(inherited)",
				);
				GCC_WARN_64_TO_32_BIT_CONVERSION = YES;
				GCC_WARN_ABOUT_RETURN_TYPE = YES_ERROR;
				GCC_WARN_UNDECLARED_SELECTOR = YES;
				GCC_WARN_UNINITIALIZED_AUTOS = YES_AGGRESSIVE;
				GCC_WARN_UNUSED_FUNCTION = YES;
				GCC_WARN_UNUSED_VARIABLE = YES;
				IPHONEOS_DEPLOYMENT_TARGET = 9.3;
				MTL_ENABLE_DEBUG_INFO = YES;
				ONLY_ACTIVE_ARCH = YES;
				SDKROOT = iphoneos;
				SWIFT_OPTIMIZATION_LEVEL = "-Onone";
				TARGETED_DEVICE_FAMILY = "1,2";
			};
			name = Debug;
		};
		8B629B991DD7F61B00681100 /* Release */ = {
			isa = XCBuildConfiguration;
			buildSettings = {
				ALWAYS_SEARCH_USER_PATHS = NO;
				CLANG_ANALYZER_NONNULL = YES;
				CLANG_CXX_LANGUAGE_STANDARD = "gnu++0x";
				CLANG_CXX_LIBRARY = "libc++";
				CLANG_ENABLE_MODULES = YES;
				CLANG_ENABLE_OBJC_ARC = YES;
				CLANG_WARN_BOOL_CONVERSION = YES;
				CLANG_WARN_CONSTANT_CONVERSION = YES;
				CLANG_WARN_DIRECT_OBJC_ISA_USAGE = YES_ERROR;
				CLANG_WARN_EMPTY_BODY = YES;
				CLANG_WARN_ENUM_CONVERSION = YES;
				CLANG_WARN_INFINITE_RECURSION = YES;
				CLANG_WARN_INT_CONVERSION = YES;
				CLANG_WARN_OBJC_ROOT_CLASS = YES_ERROR;
				CLANG_WARN_SUSPICIOUS_MOVE = YES;
				CLANG_WARN_UNREACHABLE_CODE = YES;
				CLANG_WARN__DUPLICATE_METHOD_MATCH = YES;
				"CODE_SIGN_IDENTITY[sdk=iphoneos*]" = "iPhone Developer";
				COPY_PHASE_STRIP = NO;
				DEBUG_INFORMATION_FORMAT = "dwarf-with-dsym";
				ENABLE_NS_ASSERTIONS = NO;
				ENABLE_STRICT_OBJC_MSGSEND = YES;
				GCC_C_LANGUAGE_STANDARD = gnu99;
				GCC_NO_COMMON_BLOCKS = YES;
				GCC_WARN_64_TO_32_BIT_CONVERSION = YES;
				GCC_WARN_ABOUT_RETURN_TYPE = YES_ERROR;
				GCC_WARN_UNDECLARED_SELECTOR = YES;
				GCC_WARN_UNINITIALIZED_AUTOS = YES_AGGRESSIVE;
				GCC_WARN_UNUSED_FUNCTION = YES;
				GCC_WARN_UNUSED_VARIABLE = YES;
				IPHONEOS_DEPLOYMENT_TARGET = 9.3;
				MTL_ENABLE_DEBUG_INFO = NO;
				SDKROOT = iphoneos;
				SWIFT_OPTIMIZATION_LEVEL = "-Owholemodule";
				TARGETED_DEVICE_FAMILY = "1,2";
				VALIDATE_PRODUCT = YES;
			};
			name = Release;
		};
		8B629B9B1DD7F61B00681100 /* Debug */ = {
			isa = XCBuildConfiguration;
			buildSettings = {
				ASSETCATALOG_COMPILER_APPICON_NAME = AppIcon;
				DEVELOPMENT_TEAM = ALHBNYE6H5;
				INFOPLIST_FILE = StockAPI/Info.plist;
				LD_RUNPATH_SEARCH_PATHS = "$(inherited) @executable_path/Frameworks";
				PRODUCT_BUNDLE_IDENTIFIER = dbaldwin.StockAPI;
				PRODUCT_NAME = "$(TARGET_NAME)";
				SWIFT_VERSION = 3.0;
			};
			name = Debug;
		};
		8B629B9C1DD7F61B00681100 /* Release */ = {
			isa = XCBuildConfiguration;
			buildSettings = {
				ASSETCATALOG_COMPILER_APPICON_NAME = AppIcon;
				DEVELOPMENT_TEAM = ALHBNYE6H5;
				INFOPLIST_FILE = StockAPI/Info.plist;
				LD_RUNPATH_SEARCH_PATHS = "$(inherited) @executable_path/Frameworks";
				PRODUCT_BUNDLE_IDENTIFIER = dbaldwin.StockAPI;
				PRODUCT_NAME = "$(TARGET_NAME)";
				SWIFT_VERSION = 3.0;
			};
			name = Release;
		};
/* End XCBuildConfiguration section */

/* Begin XCConfigurationList section */
		8B629B831DD7F61700681100 /* Build configuration list for PBXProject "StockAPI" */ = {
			isa = XCConfigurationList;
			buildConfigurations = (
				8B629B981DD7F61B00681100 /* Debug */,
				8B629B991DD7F61B00681100 /* Release */,
			);
			defaultConfigurationIsVisible = 0;
			defaultConfigurationName = Release;
		};
		8B629B9A1DD7F61B00681100 /* Build configuration list for PBXNativeTarget "StockAPI" */ = {
			isa = XCConfigurationList;
			buildConfigurations = (
				8B629B9B1DD7F61B00681100 /* Debug */,
				8B629B9C1DD7F61B00681100 /* Release */,
			);
			defaultConfigurationIsVisible = 0;
			defaultConfigurationName = Release;
		};
/* End XCConfigurationList section */
	};
	rootObject = 8B629B801DD7F61700681100 /* Project object */;
}
